
Microsoft Visual Studio Solution File, Format Version 12.00
# Visual Studio Version 17
VisualStudioVersion = 17.4.33122.133
MinimumVisualStudioVersion = 10.0.40219.1
Project("{F184B08F-C81C-45F6-A57F-5ABD9991F28F}") = "vbpMod14_Tuition", "vbpMod14_Tuition.vbproj", "{49778A74-46E7-447F-84CA-7307ACB34651}"
EndProject
Global
	GlobalSection(SolutionConfigurationPlatforms) = preSolution
		Debug|Any CPU = Debug|Any CPU
		Release|Any CPU = Release|Any CPU
	EndGlobalSection
	GlobalSection(ProjectConfigurationPlatforms) = postSolution
		{49778A74-46E7-447F-84CA-7307ACB34651}.Debug|Any CPU.ActiveCfg = Debug|Any CPU
		{49778A74-46E7-447F-84CA-7307ACB34651}.Debug|Any CPU.Build.0 = Debug|Any CPU
		{49778A74-46E7-447F-84CA-7307ACB34651}.Release|Any CPU.ActiveCfg = Release|Any CPU
		{49778A74-46E7-447F-84CA-7307ACB34651}.Release|Any CPU.Build.0 = Release|Any CPU
	EndGlobalSection
	GlobalSection(SolutionProperties) = preSolution
		HideSolutionNode = FALSE
	EndGlobalSection
	GlobalSection(ExtensibilityGlobals) = postSolution
		SolutionGuid = {82D3E6B2-D0C7-4430-B659-620E404E8208}
	EndGlobalSection
EndGlobal
